
Microsoft Visual Studio Solution File, Format Version 12.00
# Visual Studio Version 16
VisualStudioVersion = 16.0.29728.190
MinimumVisualStudioVersion = 10.0.40219.1
Project("{9A19103F-16F7-4668-BE54-9A1E7A4F7556}") = "Fenacon", "Fenacon\Fenacon.csproj", "{7148CFD5-16DD-4317-9C55-F83B41CF2FC3}"
EndProject
Project("{2150E333-8FDC-42A3-9474-1A3956D46DE8}") = "1-Domain", "1-Domain", "{DC0DE6B3-7505-44B4-B6E3-072008D13185}"
EndProject
Project("{9A19103F-16F7-4668-BE54-9A1E7A4F7556}") = "Domain", "Domain\Domain.csproj", "{EE5CEF2F-D218-4367-AE0B-D2AAFE174AFE}"
EndProject
Project("{2150E333-8FDC-42A3-9474-1A3956D46DE8}") = "2-Infra", "2-Infra", "{E36E11E0-0D96-4369-9367-FF0FD4F95932}"
EndProject
Project("{FAE04EC0-301F-11D3-BF4B-00C04F79EFBC}") = "Infra", "Infra\Infra.csproj", "{099D10D5-0774-494C-8DB9-751EC580F305}"
EndProject
Global
	GlobalSection(SolutionConfigurationPlatforms) = preSolution
		Debug|Any CPU = Debug|Any CPU
		Release|Any CPU = Release|Any CPU
	EndGlobalSection
	GlobalSection(ProjectConfigurationPlatforms) = postSolution
		{7148CFD5-16DD-4317-9C55-F83B41CF2FC3}.Debug|Any CPU.ActiveCfg = Debug|Any CPU
		{7148CFD5-16DD-4317-9C55-F83B41CF2FC3}.Debug|Any CPU.Build.0 = Debug|Any CPU
		{7148CFD5-16DD-4317-9C55-F83B41CF2FC3}.Release|Any CPU.ActiveCfg = Release|Any CPU
		{7148CFD5-16DD-4317-9C55-F83B41CF2FC3}.Release|Any CPU.Build.0 = Release|Any CPU
		{EE5CEF2F-D218-4367-AE0B-D2AAFE174AFE}.Debug|Any CPU.ActiveCfg = Debug|Any CPU
		{EE5CEF2F-D218-4367-AE0B-D2AAFE174AFE}.Debug|Any CPU.Build.0 = Debug|Any CPU
		{EE5CEF2F-D218-4367-AE0B-D2AAFE174AFE}.Release|Any CPU.ActiveCfg = Release|Any CPU
		{EE5CEF2F-D218-4367-AE0B-D2AAFE174AFE}.Release|Any CPU.Build.0 = Release|Any CPU
		{099D10D5-0774-494C-8DB9-751EC580F305}.Debug|Any CPU.ActiveCfg = Debug|Any CPU
		{099D10D5-0774-494C-8DB9-751EC580F305}.Debug|Any CPU.Build.0 = Debug|Any CPU
		{099D10D5-0774-494C-8DB9-751EC580F305}.Release|Any CPU.ActiveCfg = Release|Any CPU
		{099D10D5-0774-494C-8DB9-751EC580F305}.Release|Any CPU.Build.0 = Release|Any CPU
	EndGlobalSection
	GlobalSection(SolutionProperties) = preSolution
		HideSolutionNode = FALSE
	EndGlobalSection
	GlobalSection(NestedProjects) = preSolution
		{EE5CEF2F-D218-4367-AE0B-D2AAFE174AFE} = {DC0DE6B3-7505-44B4-B6E3-072008D13185}
		{099D10D5-0774-494C-8DB9-751EC580F305} = {E36E11E0-0D96-4369-9367-FF0FD4F95932}
	EndGlobalSection
	GlobalSection(ExtensibilityGlobals) = postSolution
		SolutionGuid = {A3C78583-502F-4287-9746-E80236DC04C4}
	EndGlobalSection
EndGlobal
